
Microsoft Visual Studio Solution File, Format Version 12.00
# Visual Studio Version 17
VisualStudioVersion = 17.9.34616.47
MinimumVisualStudioVersion = 10.0.40219.1
Project("{FAE04EC0-301F-11D3-BF4B-00C04F79EFBC}") = "C#TsTranspiler", "C#TsTranspiler.csproj", "{4BB4AAD8-2922-42C7-8C4F-8B13724E7CAE}"
EndProject
Project("{FAE04EC0-301F-11D3-BF4B-00C04F79EFBC}") = "C#TsTranspilerTesting", "..\C#TsTranspilerTesting\C#TsTranspilerTesting.csproj", "{981E4526-CE9D-4610-82B8-6CF72B972E05}"
EndProject
Global
	GlobalSection(SolutionConfigurationPlatforms) = preSolution
		Debug|Any CPU = Debug|Any CPU
		Release|Any CPU = Release|Any CPU
	EndGlobalSection
	GlobalSection(ProjectConfigurationPlatforms) = postSolution
		{4BB4AAD8-2922-42C7-8C4F-8B13724E7CAE}.Debug|Any CPU.ActiveCfg = Debug|Any CPU
		{4BB4AAD8-2922-42C7-8C4F-8B13724E7CAE}.Debug|Any CPU.Build.0 = Debug|Any CPU
		{4BB4AAD8-2922-42C7-8C4F-8B13724E7CAE}.Release|Any CPU.ActiveCfg = Release|Any CPU
		{4BB4AAD8-2922-42C7-8C4F-8B13724E7CAE}.Release|Any CPU.Build.0 = Release|Any CPU
		{981E4526-CE9D-4610-82B8-6CF72B972E05}.Debug|Any CPU.ActiveCfg = Debug|Any CPU
		{981E4526-CE9D-4610-82B8-6CF72B972E05}.Debug|Any CPU.Build.0 = Debug|Any CPU
		{981E4526-CE9D-4610-82B8-6CF72B972E05}.Release|Any CPU.ActiveCfg = Release|Any CPU
		{981E4526-CE9D-4610-82B8-6CF72B972E05}.Release|Any CPU.Build.0 = Release|Any CPU
	EndGlobalSection
	GlobalSection(SolutionProperties) = preSolution
		HideSolutionNode = FALSE
	EndGlobalSection
	GlobalSection(ExtensibilityGlobals) = postSolution
		SolutionGuid = {6E19ABB5-93BB-44D1-94A3-A78F8A7D75B9}
	EndGlobalSection
EndGlobal
